
Microsoft Visual Studio Solution File, Format Version 12.00
# Visual Studio Version 16
VisualStudioVersion = 16.0.32228.343
MinimumVisualStudioVersion = 10.0.40219.1
Project("{8BC9CEB8-8B4A-11D0-8D11-00A0C91BC942}") = "Zadanie 4-1", "Zadanie 4-1\Zadanie 4-1.vcxproj", "{F541D245-0AD9-406D-9936-7CB8FCCD4D0D}"
EndProject
Project("{8BC9CEB8-8B4A-11D0-8D11-00A0C91BC942}") = "Zadanie 4-2", "Zadanie 4-2\Zadanie 4-2.vcxproj", "{F70C3AFF-FB8F-430C-BBDA-B50EC57A0752}"
EndProject
Project("{8BC9CEB8-8B4A-11D0-8D11-00A0C91BC942}") = "Zadanie 4-3", "Zadanie 4-3\Zadanie 4-3.vcxproj", "{AC25A1B0-0A17-4711-AC88-7E808F665525}"
EndProject
Project("{8BC9CEB8-8B4A-11D0-8D11-00A0C91BC942}") = "Zadanie 4-4", "Zadanie 4-4\Zadanie 4-4.vcxproj", "{7926B8BA-D13E-4BF4-9DDF-BFD3EAF0DED4}"
EndProject
Global
	GlobalSection(SolutionConfigurationPlatforms) = preSolution
		Debug|x64 = Debug|x64
		Debug|x86 = Debug|x86
		Release|x64 = Release|x64
		Release|x86 = Release|x86
	EndGlobalSection
	GlobalSection(ProjectConfigurationPlatforms) = postSolution
		{F541D245-0AD9-406D-9936-7CB8FCCD4D0D}.Debug|x64.ActiveCfg = Debug|x64
		{F541D245-0AD9-406D-9936-7CB8FCCD4D0D}.Debug|x64.Build.0 = Debug|x64
		{F541D245-0AD9-406D-9936-7CB8FCCD4D0D}.Debug|x86.ActiveCfg = Debug|Win32
		{F541D245-0AD9-406D-9936-7CB8FCCD4D0D}.Debug|x86.Build.0 = Debug|Win32
		{F541D245-0AD9-406D-9936-7CB8FCCD4D0D}.Release|x64.ActiveCfg = Release|x64
		{F541D245-0AD9-406D-9936-7CB8FCCD4D0D}.Release|x64.Build.0 = Release|x64
		{F541D245-0AD9-406D-9936-7CB8FCCD4D0D}.Release|x86.ActiveCfg = Release|Win32
		{F541D245-0AD9-406D-9936-7CB8FCCD4D0D}.Release|x86.Build.0 = Release|Win32
		{F70C3AFF-FB8F-430C-BBDA-B50EC57A0752}.Debug|x64.ActiveCfg = Debug|x64
		{F70C3AFF-FB8F-430C-BBDA-B50EC57A0752}.Debug|x64.Build.0 = Debug|x64
		{F70C3AFF-FB8F-430C-BBDA-B50EC57A0752}.Debug|x86.ActiveCfg = Debug|Win32
		{F70C3AFF-FB8F-430C-BBDA-B50EC57A0752}.Debug|x86.Build.0 = Debug|Win32
		{F70C3AFF-FB8F-430C-BBDA-B50EC57A0752}.Release|x64.ActiveCfg = Release|x64
		{F70C3AFF-FB8F-430C-BBDA-B50EC57A0752}.Release|x64.Build.0 = Release|x64
		{F70C3AFF-FB8F-430C-BBDA-B50EC57A0752}.Release|x86.ActiveCfg = Release|Win32
		{F70C3AFF-FB8F-430C-BBDA-B50EC57A0752}.Release|x86.Build.0 = Release|Win32
		{AC25A1B0-0A17-4711-AC88-7E808F665525}.Debug|x64.ActiveCfg = Debug|x64
		{AC25A1B0-0A17-4711-AC88-7E808F665525}.Debug|x64.Build.0 = Debug|x64
		{AC25A1B0-0A17-4711-AC88-7E808F665525}.Debug|x86.ActiveCfg = Debug|Win32
		{AC25A1B0-0A17-4711-AC88-7E808F665525}.Debug|x86.Build.0 = Debug|Win32
		{AC25A1B0-0A17-4711-AC88-7E808F665525}.Release|x64.ActiveCfg = Release|x64
		{AC25A1B0-0A17-4711-AC88-7E808F665525}.Release|x64.Build.0 = Release|x64
		{AC25A1B0-0A17-4711-AC88-7E808F665525}.Release|x86.ActiveCfg = Release|Win32
		{AC25A1B0-0A17-4711-AC88-7E808F665525}.Release|x86.Build.0 = Release|Win32
		{7926B8BA-D13E-4BF4-9DDF-BFD3EAF0DED4}.Debug|x64.ActiveCfg = Debug|x64
		{7926B8BA-D13E-4BF4-9DDF-BFD3EAF0DED4}.Debug|x64.Build.0 = Debug|x64
		{7926B8BA-D13E-4BF4-9DDF-BFD3EAF0DED4}.Debug|x86.ActiveCfg = Debug|Win32
		{7926B8BA-D13E-4BF4-9DDF-BFD3EAF0DED4}.Debug|x86.Build.0 = Debug|Win32
		{7926B8BA-D13E-4BF4-9DDF-BFD3EAF0DED4}.Release|x64.ActiveCfg = Release|x64
		{7926B8BA-D13E-4BF4-9DDF-BFD3EAF0DED4}.Release|x64.Build.0 = Release|x64
		{7926B8BA-D13E-4BF4-9DDF-BFD3EAF0DED4}.Release|x86.ActiveCfg = Release|Win32
		{7926B8BA-D13E-4BF4-9DDF-BFD3EAF0DED4}.Release|x86.Build.0 = Release|Win32
	EndGlobalSection
	GlobalSection(SolutionProperties) = preSolution
		HideSolutionNode = FALSE
	EndGlobalSection
	GlobalSection(ExtensibilityGlobals) = postSolution
		SolutionGuid = {5E1B2638-446F-431A-9714-23DCFAA40993}
	EndGlobalSection
EndGlobal
